// !$*UTF8*$!
{
	archiveVersion = 1;
	classes = {
	};
	objectVersion = 46;
	objects = {

/* Begin PBXBuildFile section */
		9B04640D1C89F3760001E7BB /* AppDelegate.swift in Sources */ = {isa = PBXBuildFile; fileRef = 9B04640C1C89F3760001E7BB /* AppDelegate.swift */; };
		9B04640F1C89F3760001E7BB /* ViewController.swift in Sources */ = {isa = PBXBuildFile; fileRef = 9B04640E1C89F3760001E7BB /* ViewController.swift */; };
		9B0464121C89F3760001E7BB /* Main.storyboard in Resources */ = {isa = PBXBuildFile; fileRef = 9B0464101C89F3760001E7BB /* Main.storyboard */; };
		9B0464141C89F3760001E7BB /* Assets.xcassets in Resources */ = {isa = PBXBuildFile; fileRef = 9B0464131C89F3760001E7BB /* Assets.xcassets */; };
		9B0464171C89F3760001E7BB /* LaunchScreen.storyboard in Resources */ = {isa = PBXBuildFile; fileRef = 9B0464151C89F3760001E7BB /* LaunchScreen.storyboard */; };
		9B517CE61C8A041300A01BF8 /* APIManager.swift in Sources */ = {isa = PBXBuildFile; fileRef = 9B517CE51C8A041300A01BF8 /* APIManager.swift */; };
/* End PBXBuildFile section */

/* Begin PBXFileReference section */
		9B0464091C89F3760001E7BB /* MusicVideo.app */ = {isa = PBXFileReference; explicitFileType = wrapper.application; includeInIndex = 0; path = MusicVideo.app; sourceTree = BUILT_PRODUCTS_DIR; };
		9B04640C1C89F3760001E7BB /* AppDelegate.swift */ = {isa = PBXFileReference; lastKnownFileType = sourcecode.swift; path = AppDelegate.swift; sourceTree = "<group>"; };
		9B04640E1C89F3760001E7BB /* ViewController.swift */ = {isa = PBXFileReference; lastKnownFileType = sourcecode.swift; path = ViewController.swift; sourceTree = "<group>"; };
		9B0464111C89F3760001E7BB /* Base */ = {isa = PBXFileReference; lastKnownFileType = file.storyboard; name = Base; path = Base.lproj/Main.storyboard; sourceTree = "<group>"; };
		9B0464131C89F3760001E7BB /* Assets.xcassets */ = {isa = PBXFileReference; lastKnownFileType = folder.assetcatalog; path = Assets.xcassets; sourceTree = "<group>"; };
		9B0464161C89F3760001E7BB /* Base */ = {isa = PBXFileReference; lastKnownFileType = file.storyboard; name = Base; path = Base.lproj/LaunchScreen.storyboard; sourceTree = "<group>"; };
		9B0464181C89F3760001E7BB /* Info.plist */ = {isa = PBXFileReference; lastKnownFileType = text.plist.xml; path = Info.plist; sourceTree = "<group>"; };
		9B517CE51C8A041300A01BF8 /* APIManager.swift */ = {isa = PBXFileReference; fileEncoding = 4; lastKnownFileType = sourcecode.swift; path = APIManager.swift; sourceTree = "<group>"; };
/* End PBXFileReference section */

/* Begin PBXFrameworksBuildPhase section */
		9B0464061C89F3760001E7BB /* Frameworks */ = {
			isa = PBXFrameworksBuildPhase;
			buildActionMask = 2147483647;
			files = (
			);
			runOnlyForDeploymentPostprocessing = 0;
		};
/* End PBXFrameworksBuildPhase section */

/* Begin PBXGroup section */
		9B0464001C89F3760001E7BB = {
			isa = PBXGroup;
			children = (
				9B04640B1C89F3760001E7BB /* MusicVideo */,
				9B04640A1C89F3760001E7BB /* Products */,
			);
			sourceTree = "<group>";
		};
		9B04640A1C89F3760001E7BB /* Products */ = {
			isa = PBXGroup;
			children = (
				9B0464091C89F3760001E7BB /* MusicVideo.app */,
			);
			name = Products;
			sourceTree = "<group>";
		};
		9B04640B1C89F3760001E7BB /* MusicVideo */ = {
			isa = PBXGroup;
			children = (
				9B517CE41C89F91D00A01BF8 /* Supporting Files */,
				9B517CE11C89F8DA00A01BF8 /* Model */,
				9B517CE21C89F8E800A01BF8 /* Controller */,
				9B517CE31C89F8FD00A01BF8 /* View */,
			);
			path = MusicVideo;
			sourceTree = "<group>";
		};
		9B517CE11C89F8DA00A01BF8 /* Model */ = {
			isa = PBXGroup;
			children = (
				9B517CE51C8A041300A01BF8 /* APIManager.swift */,
			);
			name = Model;
			sourceTree = "<group>";
		};
		9B517CE21C89F8E800A01BF8 /* Controller */ = {
			isa = PBXGroup;
			children = (
				9B04640E1C89F3760001E7BB /* ViewController.swift */,
			);
			name = Controller;
			sourceTree = "<group>";
		};
		9B517CE31C89F8FD00A01BF8 /* View */ = {
			isa = PBXGroup;
			children = (
				9B0464101C89F3760001E7BB /* Main.storyboard */,
				9B0464151C89F3760001E7BB /* LaunchScreen.storyboard */,
			);
			name = View;
			sourceTree = "<group>";
		};
		9B517CE41C89F91D00A01BF8 /* Supporting Files */ = {
			isa = PBXGroup;
			children = (
				9B0464131C89F3760001E7BB /* Assets.xcassets */,
				9B04640C1C89F3760001E7BB /* AppDelegate.swift */,
				9B0464181C89F3760001E7BB /* Info.plist */,
			);
			name = "Supporting Files";
			sourceTree = "<group>";
		};
/* End PBXGroup section */

/* Begin PBXNativeTarget section */
		9B0464081C89F3760001E7BB /* MusicVideo */ = {
			isa = PBXNativeTarget;
			buildConfigurationList = 9B04641B1C89F3760001E7BB /* Build configuration list for PBXNativeTarget "MusicVideo" */;
			buildPhases = (
				9B0464051C89F3760001E7BB /* Sources */,
				9B0464061C89F3760001E7BB /* Frameworks */,
				9B0464071C89F3760001E7BB /* Resources */,
			);
			buildRules = (
			);
			dependencies = (
			);
			name = MusicVideo;
			productName = MusicVideo;
			productReference = 9B0464091C89F3760001E7BB /* MusicVideo.app */;
			productType = "com.apple.product-type.application";
		};
/* End PBXNativeTarget section */

/* Begin PBXProject section */
		9B0464011C89F3760001E7BB /* Project object */ = {
			isa = PBXProject;
			attributes = {
				LastSwiftUpdateCheck = 0720;
				LastUpgradeCheck = 0720;
				ORGANIZATIONNAME = Agent86;
				TargetAttributes = {
					9B0464081C89F3760001E7BB = {
						CreatedOnToolsVersion = 7.2.1;
					};
				};
			};
			buildConfigurationList = 9B0464041C89F3760001E7BB /* Build configuration list for PBXProject "MusicVideo" */;
			compatibilityVersion = "Xcode 3.2";
			developmentRegion = English;
			hasScannedForEncodings = 0;
			knownRegions = (
				en,
				Base,
			);
			mainGroup = 9B0464001C89F3760001E7BB;
			productRefGroup = 9B04640A1C89F3760001E7BB /* Products */;
			projectDirPath = "";
			projectRoot = "";
			targets = (
				9B0464081C89F3760001E7BB /* MusicVideo */,
			);
		};
/* End PBXProject section */

/* Begin PBXResourcesBuildPhase section */
		9B0464071C89F3760001E7BB /* Resources */ = {
			isa = PBXResourcesBuildPhase;
			buildActionMask = 2147483647;
			files = (
				9B0464171C89F3760001E7BB /* LaunchScreen.storyboard in Resources */,
				9B0464141C89F3760001E7BB /* Assets.xcassets in Resources */,
				9B0464121C89F3760001E7BB /* Main.storyboard in Resources */,
			);
			runOnlyForDeploymentPostprocessing = 0;
		};
/* End PBXResourcesBuildPhase section */

/* Begin PBXSourcesBuildPhase section */
		9B0464051C89F3760001E7BB /* Sources */ = {
			isa = PBXSourcesBuildPhase;
			buildActionMask = 2147483647;
			files = (
				9B517CE61C8A041300A01BF8 /* APIManager.swift in Sources */,
				9B04640F1C89F3760001E7BB /* ViewController.swift in Sources */,
				9B04640D1C89F3760001E7BB /* AppDelegate.swift in Sources */,
			);
			runOnlyForDeploymentPostprocessing = 0;
		};
/* End PBXSourcesBuildPhase section */

/* Begin PBXVariantGroup section */
		9B0464101C89F3760001E7BB /* Main.storyboard */ = {
			isa = PBXVariantGroup;
			children = (
				9B0464111C89F3760001E7BB /* Base */,
			);
			name = Main.storyboard;
			sourceTree = "<group>";
		};
		9B0464151C89F3760001E7BB /* LaunchScreen.storyboard */ = {
			isa = PBXVariantGroup;
			children = (
				9B0464161C89F3760001E7BB /* Base */,
			);
			name = LaunchScreen.storyboard;
			sourceTree = "<group>";
		};
/* End PBXVariantGroup section */

/* Begin XCBuildConfiguration section */
		9B0464191C89F3760001E7BB /* Debug */ = {
			isa = XCBuildConfiguration;
			buildSettings = {
				ALWAYS_SEARCH_USER_PATHS = NO;
				CLANG_CXX_LANGUAGE_STANDARD = "gnu++0x";
				CLANG_CXX_LIBRARY = "libc++";
				CLANG_ENABLE_MODULES = YES;
				CLANG_ENABLE_OBJC_ARC = YES;
				CLANG_WARN_BOOL_CONVERSION = YES;
				CLANG_WARN_CONSTANT_CONVERSION = YES;
				CLANG_WARN_DIRECT_OBJC_ISA_USAGE = YES_ERROR;
				CLANG_WARN_EMPTY_BODY = YES;
				CLANG_WARN_ENUM_CONVERSION = YES;
				CLANG_WARN_INT_CONVERSION = YES;
				CLANG_WARN_OBJC_ROOT_CLASS = YES_ERROR;
				CLANG_WARN_UNREACHABLE_CODE = YES;
				CLANG_WARN__DUPLICATE_METHOD_MATCH = YES;
				"CODE_SIGN_IDENTITY[sdk=iphoneos*]" = "iPhone Developer";
				COPY_PHASE_STRIP = NO;
				DEBUG_INFORMATION_FORMAT = dwarf;
				ENABLE_STRICT_OBJC_MSGSEND = YES;
				ENABLE_TESTABILITY = YES;
				GCC_C_LANGUAGE_STANDARD = gnu99;
				GCC_DYNAMIC_NO_PIC = NO;
				GCC_NO_COMMON_BLOCKS = YES;
				GCC_OPTIMIZATION_LEVEL = 0;
				GCC_PREPROCESSOR_DEFINITIONS = (
					"DEBUG=1",
					"$(inherited)",
				);
				GCC_WARN_64_TO_32_BIT_CONVERSION = YES;
				GCC_WARN_ABOUT_RETURN_TYPE = YES_ERROR;
				GCC_WARN_UNDECLARED_SELECTOR = YES;
				GCC_WARN_UNINITIALIZED_AUTOS = YES_AGGRESSIVE;
				GCC_WARN_UNUSED_FUNCTION = YES;
				GCC_WARN_UNUSED_VARIABLE = YES;
				IPHONEOS_DEPLOYMENT_TARGET = 9.2;
				MTL_ENABLE_DEBUG_INFO = YES;
				ONLY_ACTIVE_ARCH = YES;
				SDKROOT = iphoneos;
				SWIFT_OPTIMIZATION_LEVEL = "-Onone";
				TARGETED_DEVICE_FAMILY = "1,2";
			};
			name = Debug;
		};
		9B04641A1C89F3760001E7BB /* Release */ = {
			isa = XCBuildConfiguration;
			buildSettings = {
				ALWAYS_SEARCH_USER_PATHS = NO;
				CLANG_CXX_LANGUAGE_STANDARD = "gnu++0x";
				CLANG_CXX_LIBRARY = "libc++";
				CLANG_ENABLE_MODULES = YES;
				CLANG_ENABLE_OBJC_ARC = YES;
				CLANG_WARN_BOOL_CONVERSION = YES;
				CLANG_WARN_CONSTANT_CONVERSION = YES;
				CLANG_WARN_DIRECT_OBJC_ISA_USAGE = YES_ERROR;
				CLANG_WARN_EMPTY_BODY = YES;
				CLANG_WARN_ENUM_CONVERSION = YES;
				CLANG_WARN_INT_CONVERSION = YES;
				CLANG_WARN_OBJC_ROOT_CLASS = YES_ERROR;
				CLANG_WARN_UNREACHABLE_CODE = YES;
				CLANG_WARN__DUPLICATE_METHOD_MATCH = YES;
				"CODE_SIGN_IDENTITY[sdk=iphoneos*]" = "iPhone Developer";
				COPY_PHASE_STRIP = NO;
				DEBUG_INFORMATION_FORMAT = "dwarf-with-dsym";
				ENABLE_NS_ASSERTIONS = NO;
				ENABLE_STRICT_OBJC_MSGSEND = YES;
				GCC_C_LANGUAGE_STANDARD = gnu99;
				GCC_NO_COMMON_BLOCKS = YES;
				GCC_WARN_64_TO_32_BIT_CONVERSION = YES;
				GCC_WARN_ABOUT_RETURN_TYPE = YES_ERROR;
				GCC_WARN_UNDECLARED_SELECTOR = YES;
				GCC_WARN_UNINITIALIZED_AUTOS = YES_AGGRESSIVE;
				GCC_WARN_UNUSED_FUNCTION = YES;
				GCC_WARN_UNUSED_VARIABLE = YES;
				IPHONEOS_DEPLOYMENT_TARGET = 9.2;
				MTL_ENABLE_DEBUG_INFO = NO;
				SDKROOT = iphoneos;
				TARGETED_DEVICE_FAMILY = "1,2";
				VALIDATE_PRODUCT = YES;
			};
			name = Release;
		};
		9B04641C1C89F3760001E7BB /* Debug */ = {
			isa = XCBuildConfiguration;
			buildSettings = {
				ASSETCATALOG_COMPILER_APPICON_NAME = AppIcon;
				INFOPLIST_FILE = MusicVideo/Info.plist;
				LD_RUNPATH_SEARCH_PATHS = "$(inherited) @executable_path/Frameworks";
				PRODUCT_BUNDLE_IDENTIFIER = com.praprog.agent86.MusicVideo;
				PRODUCT_NAME = "$(TARGET_NAME)";
			};
			name = Debug;
		};
		9B04641D1C89F3760001E7BB /* Release */ = {
			isa = XCBuildConfiguration;
			buildSettings = {
				ASSETCATALOG_COMPILER_APPICON_NAME = AppIcon;
				INFOPLIST_FILE = MusicVideo/Info.plist;
				LD_RUNPATH_SEARCH_PATHS = "$(inherited) @executable_path/Frameworks";
				PRODUCT_BUNDLE_IDENTIFIER = com.praprog.agent86.MusicVideo;
				PRODUCT_NAME = "$(TARGET_NAME)";
			};
			name = Release;
		};
/* End XCBuildConfiguration section */

/* Begin XCConfigurationList section */
		9B0464041C89F3760001E7BB /* Build configuration list for PBXProject "MusicVideo" */ = {
			isa = XCConfigurationList;
			buildConfigurations = (
				9B0464191C89F3760001E7BB /* Debug */,
				9B04641A1C89F3760001E7BB /* Release */,
			);
			defaultConfigurationIsVisible = 0;
			defaultConfigurationName = Release;
		};
		9B04641B1C89F3760001E7BB /* Build configuration list for PBXNativeTarget "MusicVideo" */ = {
			isa = XCConfigurationList;
			buildConfigurations = (
				9B04641C1C89F3760001E7BB /* Debug */,
				9B04641D1C89F3760001E7BB /* Release */,
			);
			defaultConfigurationIsVisible = 0;
			defaultConfigurationName = Release;
		};
/* End XCConfigurationList section */
	};
	rootObject = 9B0464011C89F3760001E7BB /* Project object */;
}
